
Microsoft Visual Studio Solution File, Format Version 12.00
# Visual Studio 15
VisualStudioVersion = 15.0.28307.329
MinimumVisualStudioVersion = 10.0.40219.1
Project("{8BC9CEB8-8B4A-11D0-8D11-00A0C91BC942}") = "PayPeriodGrossPay", "PayPeriodGrossPay\PayPeriodGrossPay.vcxproj", "{BB9FA43C-C076-494C-A5D9-AF08E829B65E}"
EndProject
Global
	GlobalSection(SolutionConfigurationPlatforms) = preSolution
		Debug|x64 = Debug|x64
		Debug|x86 = Debug|x86
		Release|x64 = Release|x64
		Release|x86 = Release|x86
	EndGlobalSection
	GlobalSection(ProjectConfigurationPlatforms) = postSolution
		{BB9FA43C-C076-494C-A5D9-AF08E829B65E}.Debug|x64.ActiveCfg = Debug|x64
		{BB9FA43C-C076-494C-A5D9-AF08E829B65E}.Debug|x64.Build.0 = Debug|x64
		{BB9FA43C-C076-494C-A5D9-AF08E829B65E}.Debug|x86.ActiveCfg = Debug|Win32
		{BB9FA43C-C076-494C-A5D9-AF08E829B65E}.Debug|x86.Build.0 = Debug|Win32
		{BB9FA43C-C076-494C-A5D9-AF08E829B65E}.Release|x64.ActiveCfg = Release|x64
		{BB9FA43C-C076-494C-A5D9-AF08E829B65E}.Release|x64.Build.0 = Release|x64
		{BB9FA43C-C076-494C-A5D9-AF08E829B65E}.Release|x86.ActiveCfg = Release|Win32
		{BB9FA43C-C076-494C-A5D9-AF08E829B65E}.Release|x86.Build.0 = Release|Win32
	EndGlobalSection
	GlobalSection(SolutionProperties) = preSolution
		HideSolutionNode = FALSE
	EndGlobalSection
	GlobalSection(ExtensibilityGlobals) = postSolution
		SolutionGuid = {2457BD7D-FFF7-4B85-A13F-0C5BC10724D5}
	EndGlobalSection
EndGlobal
